
Microsoft Visual Studio Solution File, Format Version 12.00
# Visual Studio Version 16
VisualStudioVersion = 16.0.32106.194
MinimumVisualStudioVersion = 10.0.40219.1
Project("{9A19103F-16F7-4668-BE54-9A1E7A4F7556}") = "Hello", "Hello.csproj", "{66E0BE0F-8E1A-4898-AC34-1181AB9C9738}"
EndProject
Project("{9A19103F-16F7-4668-BE54-9A1E7A4F7556}") = "HelloTest", "HelloTest\HelloTest.csproj", "{BB1613B3-3337-435D-8A3A-800DDA1907E1}"
EndProject
Global
	GlobalSection(SolutionConfigurationPlatforms) = preSolution
		Debug|Any CPU = Debug|Any CPU
		Release|Any CPU = Release|Any CPU
	EndGlobalSection
	GlobalSection(ProjectConfigurationPlatforms) = postSolution
		{66E0BE0F-8E1A-4898-AC34-1181AB9C9738}.Debug|Any CPU.ActiveCfg = Debug|Any CPU
		{66E0BE0F-8E1A-4898-AC34-1181AB9C9738}.Debug|Any CPU.Build.0 = Debug|Any CPU
		{66E0BE0F-8E1A-4898-AC34-1181AB9C9738}.Release|Any CPU.ActiveCfg = Release|Any CPU
		{66E0BE0F-8E1A-4898-AC34-1181AB9C9738}.Release|Any CPU.Build.0 = Release|Any CPU
		{BB1613B3-3337-435D-8A3A-800DDA1907E1}.Debug|Any CPU.ActiveCfg = Debug|Any CPU
		{BB1613B3-3337-435D-8A3A-800DDA1907E1}.Debug|Any CPU.Build.0 = Debug|Any CPU
		{BB1613B3-3337-435D-8A3A-800DDA1907E1}.Release|Any CPU.ActiveCfg = Release|Any CPU
		{BB1613B3-3337-435D-8A3A-800DDA1907E1}.Release|Any CPU.Build.0 = Release|Any CPU
	EndGlobalSection
	GlobalSection(SolutionProperties) = preSolution
		HideSolutionNode = FALSE
	EndGlobalSection
	GlobalSection(ExtensibilityGlobals) = postSolution
		SolutionGuid = {A5546B89-2C37-4BF6-A3A5-866B02344F3B}
	EndGlobalSection
EndGlobal
